
Microsoft Visual Studio Solution File, Format Version 12.00
# Visual Studio Version 18
VisualStudioVersion = 18.2.11415.280 d18.0
MinimumVisualStudioVersion = 10.0.40219.1
Project("{FAE04EC0-301F-11D3-BF4B-00C04F79EFBC}") = "Solution", "Solution\Solution.csproj", "{3D2A5B28-6DA8-43D5-AAF7-235D018CF3F7}"
EndProject
Project("{FAE04EC0-301F-11D3-BF4B-00C04F79EFBC}") = "Data", "Data\Data.csproj", "{9FC9652A-CD43-4694-A1BC-D1792AAB99ED}"
EndProject
Project("{FAE04EC0-301F-11D3-BF4B-00C04F79EFBC}") = "Models", "Models\Models.csproj", "{2A8E7813-E0B5-16D0-3EC5-4F5EA11DFE75}"
EndProject
Project("{FAE04EC0-301F-11D3-BF4B-00C04F79EFBC}") = "Controller", "Controller\Controller.csproj", "{3FF8BAF7-379F-46AA-839F-17C7B340EA38}"
EndProject
Global
	GlobalSection(SolutionConfigurationPlatforms) = preSolution
		Debug|Any CPU = Debug|Any CPU
		Debug|x64 = Debug|x64
		Debug|x86 = Debug|x86
		Release|Any CPU = Release|Any CPU
		Release|x64 = Release|x64
		Release|x86 = Release|x86
	EndGlobalSection
	GlobalSection(ProjectConfigurationPlatforms) = postSolution
		{3D2A5B28-6DA8-43D5-AAF7-235D018CF3F7}.Debug|Any CPU.ActiveCfg = Debug|Any CPU
		{3D2A5B28-6DA8-43D5-AAF7-235D018CF3F7}.Debug|Any CPU.Build.0 = Debug|Any CPU
		{3D2A5B28-6DA8-43D5-AAF7-235D018CF3F7}.Debug|x64.ActiveCfg = Debug|Any CPU
		{3D2A5B28-6DA8-43D5-AAF7-235D018CF3F7}.Debug|x64.Build.0 = Debug|Any CPU
		{3D2A5B28-6DA8-43D5-AAF7-235D018CF3F7}.Debug|x86.ActiveCfg = Debug|Any CPU
		{3D2A5B28-6DA8-43D5-AAF7-235D018CF3F7}.Debug|x86.Build.0 = Debug|Any CPU
		{3D2A5B28-6DA8-43D5-AAF7-235D018CF3F7}.Release|Any CPU.ActiveCfg = Release|Any CPU
		{3D2A5B28-6DA8-43D5-AAF7-235D018CF3F7}.Release|Any CPU.Build.0 = Release|Any CPU
		{3D2A5B28-6DA8-43D5-AAF7-235D018CF3F7}.Release|x64.ActiveCfg = Release|Any CPU
		{3D2A5B28-6DA8-43D5-AAF7-235D018CF3F7}.Release|x64.Build.0 = Release|Any CPU
		{3D2A5B28-6DA8-43D5-AAF7-235D018CF3F7}.Release|x86.ActiveCfg = Release|Any CPU
		{3D2A5B28-6DA8-43D5-AAF7-235D018CF3F7}.Release|x86.Build.0 = Release|Any CPU
		{9FC9652A-CD43-4694-A1BC-D1792AAB99ED}.Debug|Any CPU.ActiveCfg = Debug|Any CPU
		{9FC9652A-CD43-4694-A1BC-D1792AAB99ED}.Debug|Any CPU.Build.0 = Debug|Any CPU
		{9FC9652A-CD43-4694-A1BC-D1792AAB99ED}.Debug|x64.ActiveCfg = Debug|Any CPU
		{9FC9652A-CD43-4694-A1BC-D1792AAB99ED}.Debug|x64.Build.0 = Debug|Any CPU
		{9FC9652A-CD43-4694-A1BC-D1792AAB99ED}.Debug|x86.ActiveCfg = Debug|Any CPU
		{9FC9652A-CD43-4694-A1BC-D1792AAB99ED}.Debug|x86.Build.0 = Debug|Any CPU
		{9FC9652A-CD43-4694-A1BC-D1792AAB99ED}.Release|Any CPU.ActiveCfg = Release|Any CPU
		{9FC9652A-CD43-4694-A1BC-D1792AAB99ED}.Release|Any CPU.Build.0 = Release|Any CPU
		{9FC9652A-CD43-4694-A1BC-D1792AAB99ED}.Release|x64.ActiveCfg = Release|Any CPU
		{9FC9652A-CD43-4694-A1BC-D1792AAB99ED}.Release|x64.Build.0 = Release|Any CPU
		{9FC9652A-CD43-4694-A1BC-D1792AAB99ED}.Release|x86.ActiveCfg = Release|Any CPU
		{9FC9652A-CD43-4694-A1BC-D1792AAB99ED}.Release|x86.Build.0 = Release|Any CPU
		{2A8E7813-E0B5-16D0-3EC5-4F5EA11DFE75}.Debug|Any CPU.ActiveCfg = Debug|Any CPU
		{2A8E7813-E0B5-16D0-3EC5-4F5EA11DFE75}.Debug|Any CPU.Build.0 = Debug|Any CPU
		{2A8E7813-E0B5-16D0-3EC5-4F5EA11DFE75}.Debug|x64.ActiveCfg = Debug|Any CPU
		{2A8E7813-E0B5-16D0-3EC5-4F5EA11DFE75}.Debug|x64.Build.0 = Debug|Any CPU
		{2A8E7813-E0B5-16D0-3EC5-4F5EA11DFE75}.Debug|x86.ActiveCfg = Debug|Any CPU
		{2A8E7813-E0B5-16D0-3EC5-4F5EA11DFE75}.Debug|x86.Build.0 = Debug|Any CPU
		{2A8E7813-E0B5-16D0-3EC5-4F5EA11DFE75}.Release|Any CPU.ActiveCfg = Release|Any CPU
		{2A8E7813-E0B5-16D0-3EC5-4F5EA11DFE75}.Release|Any CPU.Build.0 = Release|Any CPU
		{2A8E7813-E0B5-16D0-3EC5-4F5EA11DFE75}.Release|x64.ActiveCfg = Release|Any CPU
		{2A8E7813-E0B5-16D0-3EC5-4F5EA11DFE75}.Release|x64.Build.0 = Release|Any CPU
		{2A8E7813-E0B5-16D0-3EC5-4F5EA11DFE75}.Release|x86.ActiveCfg = Release|Any CPU
		{2A8E7813-E0B5-16D0-3EC5-4F5EA11DFE75}.Release|x86.Build.0 = Release|Any CPU
		{3FF8BAF7-379F-46AA-839F-17C7B340EA38}.Debug|Any CPU.ActiveCfg = Debug|Any CPU
		{3FF8BAF7-379F-46AA-839F-17C7B340EA38}.Debug|Any CPU.Build.0 = Debug|Any CPU
		{3FF8BAF7-379F-46AA-839F-17C7B340EA38}.Debug|x64.ActiveCfg = Debug|Any CPU
		{3FF8BAF7-379F-46AA-839F-17C7B340EA38}.Debug|x64.Build.0 = Debug|Any CPU
		{3FF8BAF7-379F-46AA-839F-17C7B340EA38}.Debug|x86.ActiveCfg = Debug|Any CPU
		{3FF8BAF7-379F-46AA-839F-17C7B340EA38}.Debug|x86.Build.0 = Debug|Any CPU
		{3FF8BAF7-379F-46AA-839F-17C7B340EA38}.Release|Any CPU.ActiveCfg = Release|Any CPU
		{3FF8BAF7-379F-46AA-839F-17C7B340EA38}.Release|Any CPU.Build.0 = Release|Any CPU
		{3FF8BAF7-379F-46AA-839F-17C7B340EA38}.Release|x64.ActiveCfg = Release|Any CPU
		{3FF8BAF7-379F-46AA-839F-17C7B340EA38}.Release|x64.Build.0 = Release|Any CPU
		{3FF8BAF7-379F-46AA-839F-17C7B340EA38}.Release|x86.ActiveCfg = Release|Any CPU
		{3FF8BAF7-379F-46AA-839F-17C7B340EA38}.Release|x86.Build.0 = Release|Any CPU
	EndGlobalSection
	GlobalSection(SolutionProperties) = preSolution
		HideSolutionNode = FALSE
	EndGlobalSection
	GlobalSection(ExtensibilityGlobals) = postSolution
		SolutionGuid = {D172D91C-4CCA-442F-B971-0A6772E80D21}
	EndGlobalSection
EndGlobal
