
Microsoft Visual Studio Solution File, Format Version 12.00
Project("{FAE04EC0-301F-11D3-BF4B-00C04F79EFBC}") = "Serialization", "Serialization\Serialization.csproj", "{1DE294ED-2040-4A9B-B15F-BA585DD5A81D}"
EndProject
Global
	GlobalSection(SolutionConfigurationPlatforms) = preSolution
		Debug|Any CPU = Debug|Any CPU
		Release|Any CPU = Release|Any CPU
	EndGlobalSection
	GlobalSection(ProjectConfigurationPlatforms) = postSolution
		{1DE294ED-2040-4A9B-B15F-BA585DD5A81D}.Debug|Any CPU.ActiveCfg = Debug|Any CPU
		{1DE294ED-2040-4A9B-B15F-BA585DD5A81D}.Debug|Any CPU.Build.0 = Debug|Any CPU
		{1DE294ED-2040-4A9B-B15F-BA585DD5A81D}.Release|Any CPU.ActiveCfg = Release|Any CPU
		{1DE294ED-2040-4A9B-B15F-BA585DD5A81D}.Release|Any CPU.Build.0 = Release|Any CPU
	EndGlobalSection
EndGlobal
